
Microsoft Visual Studio Solution File, Format Version 12.00
# Visual Studio Version 17
VisualStudioVersion = 17.11.35303.130
MinimumVisualStudioVersion = 10.0.40219.1
Project("{FAE04EC0-301F-11D3-BF4B-00C04F79EFBC}") = "WpfApp1", "WpfApp1\WpfApp1.csproj", "{D955701D-A56D-4977-B66E-31649CAEDBF6}"
EndProject
Global
	GlobalSection(SolutionConfigurationPlatforms) = preSolution
		Debug|Any CPU = Debug|Any CPU
		Release|Any CPU = Release|Any CPU
	EndGlobalSection
	GlobalSection(ProjectConfigurationPlatforms) = postSolution
		{D955701D-A56D-4977-B66E-31649CAEDBF6}.Debug|Any CPU.ActiveCfg = Debug|Any CPU
		{D955701D-A56D-4977-B66E-31649CAEDBF6}.Debug|Any CPU.Build.0 = Debug|Any CPU
		{D955701D-A56D-4977-B66E-31649CAEDBF6}.Release|Any CPU.ActiveCfg = Release|Any CPU
		{D955701D-A56D-4977-B66E-31649CAEDBF6}.Release|Any CPU.Build.0 = Release|Any CPU
	EndGlobalSection
	GlobalSection(SolutionProperties) = preSolution
		HideSolutionNode = FALSE
	EndGlobalSection
	GlobalSection(ExtensibilityGlobals) = postSolution
		SolutionGuid = {C4D4FE1B-FB12-4D62-AA66-F25000929764}
	EndGlobalSection
EndGlobal
